# appsec-compose image digests — generated by ./pin.sh. Commit this file.
# <repo:tag> <repo@sha256:...>
semgrep/semgrep:1.97.0 semgrep/semgrep@sha256:a265d09a9ca712e6624aca09056304ce4314a695b7028d65c041dd53fd44c700
aquasec/trivy:0.58.0 aquasec/trivy@sha256:b88012e2a0a309d6a8a00463d4e63e5e513377fb74eccbc8f9b0f8f81940ebeb
zricethezav/gitleaks:v8.21.2 zricethezav/gitleaks@sha256:0e99e8821643ea5b235718642b93bb32486af9c8162c8b8731f7cbdc951a7f46
bridgecrew/checkov:3.2.334 bridgecrew/checkov@sha256:888060aaaa6f4499fd3b00a1a03185ed760937b049d438fa6e00b3203a5d613e
anchore/grype:v0.85.0 anchore/grype@sha256:8d7a54c4281e334a60c2d1616269411a940efad44c2cc1533ddc76689b9268af
trufflesecurity/trufflehog:3.88.0 trufflesecurity/trufflehog@sha256:75c79b95b2d1f9b54c85b2cba14a7b9baa37bed0835485d6541de64f0fd667bb
anchore/syft:v1.18.0 anchore/syft@sha256:a2066c7d582669db5c9191ed8b8055766a63a3c231b4134a5c75e65a70f30b23
