# appsec-compose image digests — generated by ./pin.sh. Commit this file.
# <repo:tag> <repo@sha256:...>
semgrep/semgrep:1.174.0 semgrep/semgrep@sha256:f1f7b71861c7b28b6e0f661225a2c4f58a484f5d0f182465c6d6b3b22f972ade
aquasec/trivy:0.74.0 aquasec/trivy@sha256:62b1e65e8869bc4b4c6aa4fa2b21595256c7c2f6018a9d9ad61caf87187c1969
zricethezav/gitleaks:v8.30.1 zricethezav/gitleaks@sha256:c00b6bd0aeb3071cbcb79009cb16a60dd9e0a7c60e2be9ab65d25e6bc8abbb7f
bridgecrew/checkov:3.3.13 bridgecrew/checkov@sha256:c5fb7154bed784fc19a69779c308fddba564f19a37c25d306c0e9765c4f0aa1d
anchore/grype:v0.117.0 anchore/grype@sha256:ddf9e9f204049f3a4a0955ef70873cabab6a31432125ad4f20a490b54950a253
trufflesecurity/trufflehog:3.97.0 trufflesecurity/trufflehog@sha256:ff4c95e9df7d645daf2140e3ca1039031c63106268d5fbb25feb43ceca1bcc33
anchore/syft:v1.51.0 anchore/syft@sha256:678bfa565b60f747aac0f8e964fe5588a24445b8d0a480e91f6efd70020dfbb0
hadolint/hadolint:v2.15.1-alpine hadolint/hadolint@sha256:a1d49ae1a4e83c1dbad26b8c1ad7588c8bd1e04f4866b34ad3cac50335198552
ghcr.io/google/osv-scanner:v2.5.1 ghcr.io/google/osv-scanner@sha256:8108ae94eadea5a02c9bec6e646909d5b790b44bd62d7f5b7f0b1d6d0ffc7734
